// !$*UTF8*$!
{
	archiveVersion = 1;
	classes = {
	};
	objectVersion = 46;
	objects = {

/* Begin PBXBuildFile section */
		4BAAB43D1EBEFCB80005D050 /* AppDelegate.swift in Sources */ = {isa = PBXBuildFile; fileRef = 4BAAB43C1EBEFCB80005D050 /* AppDelegate.swift */; };
		4BAAB43F1EBEFCB80005D050 /* ViewController.swift in Sources */ = {isa = PBXBuildFile; fileRef = 4BAAB43E1EBEFCB80005D050 /* ViewController.swift */; };
		4BAAB4421EBEFCB80005D050 /* Main.storyboard in Resources */ = {isa = PBXBuildFile; fileRef = 4BAAB4401EBEFCB80005D050 /* Main.storyboard */; };
		4BAAB4441EBEFCB80005D050 /* Assets.xcassets in Resources */ = {isa = PBXBuildFile; fileRef = 4BAAB4431EBEFCB80005D050 /* Assets.xcassets */; };
		4BAAB4471EBEFCB80005D050 /* LaunchScreen.storyboard in Resources */ = {isa = PBXBuildFile; fileRef = 4BAAB4451EBEFCB80005D050 /* LaunchScreen.storyboard */; };
/* End PBXBuildFile section */

/* Begin PBXFileReference section */
		4BAAB4391EBEFCB80005D050 /* Parsing Test.app */ = {isa = PBXFileReference; explicitFileType = wrapper.application; includeInIndex = 0; path = "Parsing Test.app"; sourceTree = BUILT_PRODUCTS_DIR; };
		4BAAB43C1EBEFCB80005D050 /* AppDelegate.swift */ = {isa = PBXFileReference; lastKnownFileType = sourcecode.swift; path = AppDelegate.swift; sourceTree = "<group>"; };
		4BAAB43E1EBEFCB80005D050 /* ViewController.swift */ = {isa = PBXFileReference; lastKnownFileType = sourcecode.swift; path = ViewController.swift; sourceTree = "<group>"; };
		4BAAB4411EBEFCB80005D050 /* Base */ = {isa = PBXFileReference; lastKnownFileType = file.storyboard; name = Base; path = Base.lproj/Main.storyboard; sourceTree = "<group>"; };
		4BAAB4431EBEFCB80005D050 /* Assets.xcassets */ = {isa = PBXFileReference; lastKnownFileType = folder.assetcatalog; path = Assets.xcassets; sourceTree = "<group>"; };
		4BAAB4461EBEFCB80005D050 /* Base */ = {isa = PBXFileReference; lastKnownFileType = file.storyboard; name = Base; path = Base.lproj/LaunchScreen.storyboard; sourceTree = "<group>"; };
		4BAAB4481EBEFCB80005D050 /* Info.plist */ = {isa = PBXFileReference; lastKnownFileType = text.plist.xml; path = Info.plist; sourceTree = "<group>"; };
/* End PBXFileReference section */

/* Begin PBXFrameworksBuildPhase section */
		4BAAB4361EBEFCB80005D050 /* Frameworks */ = {
			isa = PBXFrameworksBuildPhase;
			buildActionMask = 2147483647;
			files = (
			);
			runOnlyForDeploymentPostprocessing = 0;
		};
/* End PBXFrameworksBuildPhase section */

/* Begin PBXGroup section */
		4BAAB4301EBEFCB80005D050 = {
			isa = PBXGroup;
			children = (
				4BAAB43B1EBEFCB80005D050 /* Parsing Test */,
				4BAAB43A1EBEFCB80005D050 /* Products */,
			);
			sourceTree = "<group>";
		};
		4BAAB43A1EBEFCB80005D050 /* Products */ = {
			isa = PBXGroup;
			children = (
				4BAAB4391EBEFCB80005D050 /* Parsing Test.app */,
			);
			name = Products;
			sourceTree = "<group>";
		};
		4BAAB43B1EBEFCB80005D050 /* Parsing Test */ = {
			isa = PBXGroup;
			children = (
				4BAAB43C1EBEFCB80005D050 /* AppDelegate.swift */,
				4BAAB43E1EBEFCB80005D050 /* ViewController.swift */,
				4BAAB4401EBEFCB80005D050 /* Main.storyboard */,
				4BAAB4431EBEFCB80005D050 /* Assets.xcassets */,
				4BAAB4451EBEFCB80005D050 /* LaunchScreen.storyboard */,
				4BAAB4481EBEFCB80005D050 /* Info.plist */,
			);
			path = "Parsing Test";
			sourceTree = "<group>";
		};
/* End PBXGroup section */

/* Begin PBXNativeTarget section */
		4BAAB4381EBEFCB80005D050 /* Parsing Test */ = {
			isa = PBXNativeTarget;
			buildConfigurationList = 4BAAB44B1EBEFCB80005D050 /* Build configuration list for PBXNativeTarget "Parsing Test" */;
			buildPhases = (
				4BAAB4351EBEFCB80005D050 /* Sources */,
				4BAAB4361EBEFCB80005D050 /* Frameworks */,
				4BAAB4371EBEFCB80005D050 /* Resources */,
			);
			buildRules = (
			);
			dependencies = (
			);
			name = "Parsing Test";
			productName = "Parsing Test";
			productReference = 4BAAB4391EBEFCB80005D050 /* Parsing Test.app */;
			productType = "com.apple.product-type.application";
		};
/* End PBXNativeTarget section */

/* Begin PBXProject section */
		4BAAB4311EBEFCB80005D050 /* Project object */ = {
			isa = PBXProject;
			attributes = {
				LastSwiftUpdateCheck = 0830;
				LastUpgradeCheck = 0830;
				ORGANIZATIONNAME = "Saif Aion";
				TargetAttributes = {
					4BAAB4381EBEFCB80005D050 = {
						CreatedOnToolsVersion = 8.3.2;
						ProvisioningStyle = Automatic;
					};
				};
			};
			buildConfigurationList = 4BAAB4341EBEFCB80005D050 /* Build configuration list for PBXProject "Parsing Test" */;
			compatibilityVersion = "Xcode 3.2";
			developmentRegion = English;
			hasScannedForEncodings = 0;
			knownRegions = (
				en,
				Base,
			);
			mainGroup = 4BAAB4301EBEFCB80005D050;
			productRefGroup = 4BAAB43A1EBEFCB80005D050 /* Products */;
			projectDirPath = "";
			projectRoot = "";
			targets = (
				4BAAB4381EBEFCB80005D050 /* Parsing Test */,
			);
		};
/* End PBXProject section */

/* Begin PBXResourcesBuildPhase section */
		4BAAB4371EBEFCB80005D050 /* Resources */ = {
			isa = PBXResourcesBuildPhase;
			buildActionMask = 2147483647;
			files = (
				4BAAB4471EBEFCB80005D050 /* LaunchScreen.storyboard in Resources */,
				4BAAB4441EBEFCB80005D050 /* Assets.xcassets in Resources */,
				4BAAB4421EBEFCB80005D050 /* Main.storyboard in Resources */,
			);
			runOnlyForDeploymentPostprocessing = 0;
		};
/* End PBXResourcesBuildPhase section */

/* Begin PBXSourcesBuildPhase section */
		4BAAB4351EBEFCB80005D050 /* Sources */ = {
			isa = PBXSourcesBuildPhase;
			buildActionMask = 2147483647;
			files = (
				4BAAB43F1EBEFCB80005D050 /* ViewController.swift in Sources */,
				4BAAB43D1EBEFCB80005D050 /* AppDelegate.swift in Sources */,
			);
			runOnlyForDeploymentPostprocessing = 0;
		};
/* End PBXSourcesBuildPhase section */

/* Begin PBXVariantGroup section */
		4BAAB4401EBEFCB80005D050 /* Main.storyboard */ = {
			isa = PBXVariantGroup;
			children = (
				4BAAB4411EBEFCB80005D050 /* Base */,
			);
			name = Main.storyboard;
			sourceTree = "<group>";
		};
		4BAAB4451EBEFCB80005D050 /* LaunchScreen.storyboard */ = {
			isa = PBXVariantGroup;
			children = (
				4BAAB4461EBEFCB80005D050 /* Base */,
			);
			name = LaunchScreen.storyboard;
			sourceTree = "<group>";
		};
/* End PBXVariantGroup section */

/* Begin XCBuildConfiguration section */
		4BAAB4491EBEFCB80005D050 /* Debug */ = {
			isa = XCBuildConfiguration;
			buildSettings = {
				ALWAYS_SEARCH_USER_PATHS = NO;
				CLANG_ANALYZER_NONNULL = YES;
				CLANG_ANALYZER_NUMBER_OBJECT_CONVERSION = YES_AGGRESSIVE;
				CLANG_CXX_LANGUAGE_STANDARD = "gnu++0x";
				CLANG_CXX_LIBRARY = "libc++";
				CLANG_ENABLE_MODULES = YES;
				CLANG_ENABLE_OBJC_ARC = YES;
				CLANG_WARN_BOOL_CONVERSION = YES;
				CLANG_WARN_CONSTANT_CONVERSION = YES;
				CLANG_WARN_DIRECT_OBJC_ISA_USAGE = YES_ERROR;
				CLANG_WARN_DOCUMENTATION_COMMENTS = YES;
				CLANG_WARN_EMPTY_BODY = YES;
				CLANG_WARN_ENUM_CONVERSION = YES;
				CLANG_WARN_INFINITE_RECURSION = YES;
				CLANG_WARN_INT_CONVERSION = YES;
				CLANG_WARN_OBJC_ROOT_CLASS = YES_ERROR;
				CLANG_WARN_SUSPICIOUS_MOVE = YES;
				CLANG_WARN_UNREACHABLE_CODE = YES;
				CLANG_WARN__DUPLICATE_METHOD_MATCH = YES;
				"CODE_SIGN_IDENTITY[sdk=iphoneos*]" = "iPhone Developer";
				COPY_PHASE_STRIP = NO;
				DEBUG_INFORMATION_FORMAT = dwarf;
				ENABLE_STRICT_OBJC_MSGSEND = YES;
				ENABLE_TESTABILITY = YES;
				GCC_C_LANGUAGE_STANDARD = gnu99;
				GCC_DYNAMIC_NO_PIC = NO;
				GCC_NO_COMMON_BLOCKS = YES;
				GCC_OPTIMIZATION_LEVEL = 0;
				GCC_PREPROCESSOR_DEFINITIONS = (
					"DEBUG=1",
					"$(inherited)",
				);
				GCC_WARN_64_TO_32_BIT_CONVERSION = YES;
				GCC_WARN_ABOUT_RETURN_TYPE = YES_ERROR;
				GCC_WARN_UNDECLARED_SELECTOR = YES;
				GCC_WARN_UNINITIALIZED_AUTOS = YES_AGGRESSIVE;
				GCC_WARN_UNUSED_FUNCTION = YES;
				GCC_WARN_UNUSED_VARIABLE = YES;
				IPHONEOS_DEPLOYMENT_TARGET = 10.3;
				MTL_ENABLE_DEBUG_INFO = YES;
				ONLY_ACTIVE_ARCH = YES;
				SDKROOT = iphoneos;
				SWIFT_ACTIVE_COMPILATION_CONDITIONS = DEBUG;
				SWIFT_OPTIMIZATION_LEVEL = "-Onone";
				TARGETED_DEVICE_FAMILY = "1,2";
			};
			name = Debug;
		};
		4BAAB44A1EBEFCB80005D050 /* Release */ = {
			isa = XCBuildConfiguration;
			buildSettings = {
				ALWAYS_SEARCH_USER_PATHS = NO;
				CLANG_ANALYZER_NONNULL = YES;
				CLANG_ANALYZER_NUMBER_OBJECT_CONVERSION = YES_AGGRESSIVE;
				CLANG_CXX_LANGUAGE_STANDARD = "gnu++0x";
				CLANG_CXX_LIBRARY = "libc++";
				CLANG_ENABLE_MODULES = YES;
				CLANG_ENABLE_OBJC_ARC = YES;
				CLANG_WARN_BOOL_CONVERSION = YES;
				CLANG_WARN_CONSTANT_CONVERSION = YES;
				CLANG_WARN_DIRECT_OBJC_ISA_USAGE = YES_ERROR;
				CLANG_WARN_DOCUMENTATION_COMMENTS = YES;
				CLANG_WARN_EMPTY_BODY = YES;
				CLANG_WARN_ENUM_CONVERSION = YES;
				CLANG_WARN_INFINITE_RECURSION = YES;
				CLANG_WARN_INT_CONVERSION = YES;
				CLANG_WARN_OBJC_ROOT_CLASS = YES_ERROR;
				CLANG_WARN_SUSPICIOUS_MOVE = YES;
				CLANG_WARN_UNREACHABLE_CODE = YES;
				CLANG_WARN__DUPLICATE_METHOD_MATCH = YES;
				"CODE_SIGN_IDENTITY[sdk=iphoneos*]" = "iPhone Developer";
				COPY_PHASE_STRIP = NO;
				DEBUG_INFORMATION_FORMAT = "dwarf-with-dsym";
				ENABLE_NS_ASSERTIONS = NO;
				ENABLE_STRICT_OBJC_MSGSEND = YES;
				GCC_C_LANGUAGE_STANDARD = gnu99;
				GCC_NO_COMMON_BLOCKS = YES;
				GCC_WARN_64_TO_32_BIT_CONVERSION = YES;
				GCC_WARN_ABOUT_RETURN_TYPE = YES_ERROR;
				GCC_WARN_UNDECLARED_SELECTOR = YES;
				GCC_WARN_UNINITIALIZED_AUTOS = YES_AGGRESSIVE;
				GCC_WARN_UNUSED_FUNCTION = YES;
				GCC_WARN_UNUSED_VARIABLE = YES;
				IPHONEOS_DEPLOYMENT_TARGET = 10.3;
				MTL_ENABLE_DEBUG_INFO = NO;
				SDKROOT = iphoneos;
				SWIFT_OPTIMIZATION_LEVEL = "-Owholemodule";
				TARGETED_DEVICE_FAMILY = "1,2";
				VALIDATE_PRODUCT = YES;
			};
			name = Release;
		};
		4BAAB44C1EBEFCB80005D050 /* Debug */ = {
			isa = XCBuildConfiguration;
			buildSettings = {
				ASSETCATALOG_COMPILER_APPICON_NAME = AppIcon;
				INFOPLIST_FILE = "Parsing Test/Info.plist";
				LD_RUNPATH_SEARCH_PATHS = "$(inherited) @executable_path/Frameworks";
				PRODUCT_BUNDLE_IDENTIFIER = "com.saifaion.Parsing-Test";
				PRODUCT_NAME = "$(TARGET_NAME)";
				SWIFT_VERSION = 3.0;
			};
			name = Debug;
		};
		4BAAB44D1EBEFCB80005D050 /* Release */ = {
			isa = XCBuildConfiguration;
			buildSettings = {
				ASSETCATALOG_COMPILER_APPICON_NAME = AppIcon;
				INFOPLIST_FILE = "Parsing Test/Info.plist";
				LD_RUNPATH_SEARCH_PATHS = "$(inherited) @executable_path/Frameworks";
				PRODUCT_BUNDLE_IDENTIFIER = "com.saifaion.Parsing-Test";
				PRODUCT_NAME = "$(TARGET_NAME)";
				SWIFT_VERSION = 3.0;
			};
			name = Release;
		};
/* End XCBuildConfiguration section */

/* Begin XCConfigurationList section */
		4BAAB4341EBEFCB80005D050 /* Build configuration list for PBXProject "Parsing Test" */ = {
			isa = XCConfigurationList;
			buildConfigurations = (
				4BAAB4491EBEFCB80005D050 /* Debug */,
				4BAAB44A1EBEFCB80005D050 /* Release */,
			);
			defaultConfigurationIsVisible = 0;
			defaultConfigurationName = Release;
		};
		4BAAB44B1EBEFCB80005D050 /* Build configuration list for PBXNativeTarget "Parsing Test" */ = {
			isa = XCConfigurationList;
			buildConfigurations = (
				4BAAB44C1EBEFCB80005D050 /* Debug */,
				4BAAB44D1EBEFCB80005D050 /* Release */,
			);
			defaultConfigurationIsVisible = 0;
		};
/* End XCConfigurationList section */
	};
	rootObject = 4BAAB4311EBEFCB80005D050 /* Project object */;
}
